
Microsoft Visual Studio Solution File, Format Version 12.00
# Visual Studio 15
VisualStudioVersion = 15.0.27428.2005
MinimumVisualStudioVersion = 10.0.40219.1
Project("{FAE04EC0-301F-11D3-BF4B-00C04F79EFBC}") = "ArenaFighter", "ArenaFighter\ArenaFighter.csproj", "{4C0EC457-489D-4354-AA1A-69D9E289FFBB}"
EndProject
Global
	GlobalSection(SolutionConfigurationPlatforms) = preSolution
		Debug|Any CPU = Debug|Any CPU
		Release|Any CPU = Release|Any CPU
	EndGlobalSection
	GlobalSection(ProjectConfigurationPlatforms) = postSolution
		{4C0EC457-489D-4354-AA1A-69D9E289FFBB}.Debug|Any CPU.ActiveCfg = Debug|Any CPU
		{4C0EC457-489D-4354-AA1A-69D9E289FFBB}.Debug|Any CPU.Build.0 = Debug|Any CPU
		{4C0EC457-489D-4354-AA1A-69D9E289FFBB}.Release|Any CPU.ActiveCfg = Release|Any CPU
		{4C0EC457-489D-4354-AA1A-69D9E289FFBB}.Release|Any CPU.Build.0 = Release|Any CPU
	EndGlobalSection
	GlobalSection(SolutionProperties) = preSolution
		HideSolutionNode = FALSE
	EndGlobalSection
	GlobalSection(ExtensibilityGlobals) = postSolution
		SolutionGuid = {FAE5D197-D010-4AC4-9600-909B31B95A9A}
	EndGlobalSection
EndGlobal
